
Microsoft Visual Studio Solution File, Format Version 12.00
# Visual Studio Version 16
VisualStudioVersion = 16.0.30711.63
MinimumVisualStudioVersion = 10.0.40219.1
Project("{FAE04EC0-301F-11D3-BF4B-00C04F79EFBC}") = "SistemaInterno", "SistemaInterno\SistemaInterno.csproj", "{9AB96016-3660-4B6A-82A1-5773A17A1B7E}"
EndProject
Global
	GlobalSection(SolutionConfigurationPlatforms) = preSolution
		Debug|Any CPU = Debug|Any CPU
		Release|Any CPU = Release|Any CPU
	EndGlobalSection
	GlobalSection(ProjectConfigurationPlatforms) = postSolution
		{9AB96016-3660-4B6A-82A1-5773A17A1B7E}.Debug|Any CPU.ActiveCfg = Debug|Any CPU
		{9AB96016-3660-4B6A-82A1-5773A17A1B7E}.Debug|Any CPU.Build.0 = Debug|Any CPU
		{9AB96016-3660-4B6A-82A1-5773A17A1B7E}.Release|Any CPU.ActiveCfg = Release|Any CPU
		{9AB96016-3660-4B6A-82A1-5773A17A1B7E}.Release|Any CPU.Build.0 = Release|Any CPU
	EndGlobalSection
	GlobalSection(SolutionProperties) = preSolution
		HideSolutionNode = FALSE
	EndGlobalSection
	GlobalSection(ExtensibilityGlobals) = postSolution
		SolutionGuid = {BB2F828F-5FA6-4657-AD8C-DFF464D47811}
	EndGlobalSection
EndGlobal
